// !$*UTF8*$!
{
	archiveVersion = 1;
	classes = {
	};
	objectVersion = 50;
	objects = {

/* Begin PBXBuildFile section */
		EDEA23A52468461A00C76841 /* AppDelegate.swift in Sources */ = {isa = PBXBuildFile; fileRef = EDEA23A42468461A00C76841 /* AppDelegate.swift */; };
		EDEA23A72468461A00C76841 /* SceneDelegate.swift in Sources */ = {isa = PBXBuildFile; fileRef = EDEA23A62468461A00C76841 /* SceneDelegate.swift */; };
		EDEA23A92468461A00C76841 /* ViewController.swift in Sources */ = {isa = PBXBuildFile; fileRef = EDEA23A82468461A00C76841 /* ViewController.swift */; };
		EDEA23AC2468461A00C76841 /* Main.storyboard in Resources */ = {isa = PBXBuildFile; fileRef = EDEA23AA2468461A00C76841 /* Main.storyboard */; };
		EDEA23AE2468461E00C76841 /* Assets.xcassets in Resources */ = {isa = PBXBuildFile; fileRef = EDEA23AD2468461E00C76841 /* Assets.xcassets */; };
		EDEA23B12468461E00C76841 /* LaunchScreen.storyboard in Resources */ = {isa = PBXBuildFile; fileRef = EDEA23AF2468461E00C76841 /* LaunchScreen.storyboard */; };
		EDEA23BC2468461E00C76841 /* PhotomasterTests.swift in Sources */ = {isa = PBXBuildFile; fileRef = EDEA23BB2468461E00C76841 /* PhotomasterTests.swift */; };
		EDEA23C72468461E00C76841 /* PhotomasterUITests.swift in Sources */ = {isa = PBXBuildFile; fileRef = EDEA23C62468461E00C76841 /* PhotomasterUITests.swift */; };
/* End PBXBuildFile section */

/* Begin PBXContainerItemProxy section */
		EDEA23B82468461E00C76841 /* PBXContainerItemProxy */ = {
			isa = PBXContainerItemProxy;
			containerPortal = EDEA23992468461A00C76841 /* Project object */;
			proxyType = 1;
			remoteGlobalIDString = EDEA23A02468461A00C76841;
			remoteInfo = Photomaster;
		};
		EDEA23C32468461E00C76841 /* PBXContainerItemProxy */ = {
			isa = PBXContainerItemProxy;
			containerPortal = EDEA23992468461A00C76841 /* Project object */;
			proxyType = 1;
			remoteGlobalIDString = EDEA23A02468461A00C76841;
			remoteInfo = Photomaster;
		};
/* End PBXContainerItemProxy section */

/* Begin PBXFileReference section */
		EDEA23A12468461A00C76841 /* Photomaster.app */ = {isa = PBXFileReference; explicitFileType = wrapper.application; includeInIndex = 0; path = Photomaster.app; sourceTree = BUILT_PRODUCTS_DIR; };
		EDEA23A42468461A00C76841 /* AppDelegate.swift */ = {isa = PBXFileReference; lastKnownFileType = sourcecode.swift; path = AppDelegate.swift; sourceTree = "<group>"; };
		EDEA23A62468461A00C76841 /* SceneDelegate.swift */ = {isa = PBXFileReference; lastKnownFileType = sourcecode.swift; path = SceneDelegate.swift; sourceTree = "<group>"; };
		EDEA23A82468461A00C76841 /* ViewController.swift */ = {isa = PBXFileReference; lastKnownFileType = sourcecode.swift; path = ViewController.swift; sourceTree = "<group>"; };
		EDEA23AB2468461A00C76841 /* Base */ = {isa = PBXFileReference; lastKnownFileType = file.storyboard; name = Base; path = Base.lproj/Main.storyboard; sourceTree = "<group>"; };
		EDEA23AD2468461E00C76841 /* Assets.xcassets */ = {isa = PBXFileReference; lastKnownFileType = folder.assetcatalog; path = Assets.xcassets; sourceTree = "<group>"; };
		EDEA23B02468461E00C76841 /* Base */ = {isa = PBXFileReference; lastKnownFileType = file.storyboard; name = Base; path = Base.lproj/LaunchScreen.storyboard; sourceTree = "<group>"; };
		EDEA23B22468461E00C76841 /* Info.plist */ = {isa = PBXFileReference; lastKnownFileType = text.plist.xml; path = Info.plist; sourceTree = "<group>"; };
		EDEA23B72468461E00C76841 /* PhotomasterTests.xctest */ = {isa = PBXFileReference; explicitFileType = wrapper.cfbundle; includeInIndex = 0; path = PhotomasterTests.xctest; sourceTree = BUILT_PRODUCTS_DIR; };
		EDEA23BB2468461E00C76841 /* PhotomasterTests.swift */ = {isa = PBXFileReference; lastKnownFileType = sourcecode.swift; path = PhotomasterTests.swift; sourceTree = "<group>"; };
		EDEA23BD2468461E00C76841 /* Info.plist */ = {isa = PBXFileReference; lastKnownFileType = text.plist.xml; path = Info.plist; sourceTree = "<group>"; };
		EDEA23C22468461E00C76841 /* PhotomasterUITests.xctest */ = {isa = PBXFileReference; explicitFileType = wrapper.cfbundle; includeInIndex = 0; path = PhotomasterUITests.xctest; sourceTree = BUILT_PRODUCTS_DIR; };
		EDEA23C62468461E00C76841 /* PhotomasterUITests.swift */ = {isa = PBXFileReference; lastKnownFileType = sourcecode.swift; path = PhotomasterUITests.swift; sourceTree = "<group>"; };
		EDEA23C82468461E00C76841 /* Info.plist */ = {isa = PBXFileReference; lastKnownFileType = text.plist.xml; path = Info.plist; sourceTree = "<group>"; };
/* End PBXFileReference section */

/* Begin PBXFrameworksBuildPhase section */
		EDEA239E2468461A00C76841 /* Frameworks */ = {
			isa = PBXFrameworksBuildPhase;
			buildActionMask = 2147483647;
			files = (
			);
			runOnlyForDeploymentPostprocessing = 0;
		};
		EDEA23B42468461E00C76841 /* Frameworks */ = {
			isa = PBXFrameworksBuildPhase;
			buildActionMask = 2147483647;
			files = (
			);
			runOnlyForDeploymentPostprocessing = 0;
		};
		EDEA23BF2468461E00C76841 /* Frameworks */ = {
			isa = PBXFrameworksBuildPhase;
			buildActionMask = 2147483647;
			files = (
			);
			runOnlyForDeploymentPostprocessing = 0;
		};
/* End PBXFrameworksBuildPhase section */

/* Begin PBXGroup section */
		EDEA23982468461A00C76841 = {
			isa = PBXGroup;
			children = (
				EDEA23A32468461A00C76841 /* Photomaster */,
				EDEA23BA2468461E00C76841 /* PhotomasterTests */,
				EDEA23C52468461E00C76841 /* PhotomasterUITests */,
				EDEA23A22468461A00C76841 /* Products */,
			);
			sourceTree = "<group>";
		};
		EDEA23A22468461A00C76841 /* Products */ = {
			isa = PBXGroup;
			children = (
				EDEA23A12468461A00C76841 /* Photomaster.app */,
				EDEA23B72468461E00C76841 /* PhotomasterTests.xctest */,
				EDEA23C22468461E00C76841 /* PhotomasterUITests.xctest */,
			);
			name = Products;
			sourceTree = "<group>";
		};
		EDEA23A32468461A00C76841 /* Photomaster */ = {
			isa = PBXGroup;
			children = (
				EDEA23A42468461A00C76841 /* AppDelegate.swift */,
				EDEA23A62468461A00C76841 /* SceneDelegate.swift */,
				EDEA23A82468461A00C76841 /* ViewController.swift */,
				EDEA23AA2468461A00C76841 /* Main.storyboard */,
				EDEA23AD2468461E00C76841 /* Assets.xcassets */,
				EDEA23AF2468461E00C76841 /* LaunchScreen.storyboard */,
				EDEA23B22468461E00C76841 /* Info.plist */,
			);
			path = Photomaster;
			sourceTree = "<group>";
		};
		EDEA23BA2468461E00C76841 /* PhotomasterTests */ = {
			isa = PBXGroup;
			children = (
				EDEA23BB2468461E00C76841 /* PhotomasterTests.swift */,
				EDEA23BD2468461E00C76841 /* Info.plist */,
			);
			path = PhotomasterTests;
			sourceTree = "<group>";
		};
		EDEA23C52468461E00C76841 /* PhotomasterUITests */ = {
			isa = PBXGroup;
			children = (
				EDEA23C62468461E00C76841 /* PhotomasterUITests.swift */,
				EDEA23C82468461E00C76841 /* Info.plist */,
			);
			path = PhotomasterUITests;
			sourceTree = "<group>";
		};
/* End PBXGroup section */

/* Begin PBXNativeTarget section */
		EDEA23A02468461A00C76841 /* Photomaster */ = {
			isa = PBXNativeTarget;
			buildConfigurationList = EDEA23CB2468461E00C76841 /* Build configuration list for PBXNativeTarget "Photomaster" */;
			buildPhases = (
				EDEA239D2468461A00C76841 /* Sources */,
				EDEA239E2468461A00C76841 /* Frameworks */,
				EDEA239F2468461A00C76841 /* Resources */,
			);
			buildRules = (
			);
			dependencies = (
			);
			name = Photomaster;
			productName = Photomaster;
			productReference = EDEA23A12468461A00C76841 /* Photomaster.app */;
			productType = "com.apple.product-type.application";
		};
		EDEA23B62468461E00C76841 /* PhotomasterTests */ = {
			isa = PBXNativeTarget;
			buildConfigurationList = EDEA23CE2468461E00C76841 /* Build configuration list for PBXNativeTarget "PhotomasterTests" */;
			buildPhases = (
				EDEA23B32468461E00C76841 /* Sources */,
				EDEA23B42468461E00C76841 /* Frameworks */,
				EDEA23B52468461E00C76841 /* Resources */,
			);
			buildRules = (
			);
			dependencies = (
				EDEA23B92468461E00C76841 /* PBXTargetDependency */,
			);
			name = PhotomasterTests;
			productName = PhotomasterTests;
			productReference = EDEA23B72468461E00C76841 /* PhotomasterTests.xctest */;
			productType = "com.apple.product-type.bundle.unit-test";
		};
		EDEA23C12468461E00C76841 /* PhotomasterUITests */ = {
			isa = PBXNativeTarget;
			buildConfigurationList = EDEA23D12468461E00C76841 /* Build configuration list for PBXNativeTarget "PhotomasterUITests" */;
			buildPhases = (
				EDEA23BE2468461E00C76841 /* Sources */,
				EDEA23BF2468461E00C76841 /* Frameworks */,
				EDEA23C02468461E00C76841 /* Resources */,
			);
			buildRules = (
			);
			dependencies = (
				EDEA23C42468461E00C76841 /* PBXTargetDependency */,
			);
			name = PhotomasterUITests;
			productName = PhotomasterUITests;
			productReference = EDEA23C22468461E00C76841 /* PhotomasterUITests.xctest */;
			productType = "com.apple.product-type.bundle.ui-testing";
		};
/* End PBXNativeTarget section */

/* Begin PBXProject section */
		EDEA23992468461A00C76841 /* Project object */ = {
			isa = PBXProject;
			attributes = {
				LastSwiftUpdateCheck = 1140;
				LastUpgradeCheck = 1140;
				ORGANIZATIONNAME = "Fujita Fujimon";
				TargetAttributes = {
					EDEA23A02468461A00C76841 = {
						CreatedOnToolsVersion = 11.4.1;
					};
					EDEA23B62468461E00C76841 = {
						CreatedOnToolsVersion = 11.4.1;
						TestTargetID = EDEA23A02468461A00C76841;
					};
					EDEA23C12468461E00C76841 = {
						CreatedOnToolsVersion = 11.4.1;
						TestTargetID = EDEA23A02468461A00C76841;
					};
				};
			};
			buildConfigurationList = EDEA239C2468461A00C76841 /* Build configuration list for PBXProject "Photomaster" */;
			compatibilityVersion = "Xcode 9.3";
			developmentRegion = en;
			hasScannedForEncodings = 0;
			knownRegions = (
				en,
				Base,
			);
			mainGroup = EDEA23982468461A00C76841;
			productRefGroup = EDEA23A22468461A00C76841 /* Products */;
			projectDirPath = "";
			projectRoot = "";
			targets = (
				EDEA23A02468461A00C76841 /* Photomaster */,
				EDEA23B62468461E00C76841 /* PhotomasterTests */,
				EDEA23C12468461E00C76841 /* PhotomasterUITests */,
			);
		};
/* End PBXProject section */

/* Begin PBXResourcesBuildPhase section */
		EDEA239F2468461A00C76841 /* Resources */ = {
			isa = PBXResourcesBuildPhase;
			buildActionMask = 2147483647;
			files = (
				EDEA23B12468461E00C76841 /* LaunchScreen.storyboard in Resources */,
				EDEA23AE2468461E00C76841 /* Assets.xcassets in Resources */,
				EDEA23AC2468461A00C76841 /* Main.storyboard in Resources */,
			);
			runOnlyForDeploymentPostprocessing = 0;
		};
		EDEA23B52468461E00C76841 /* Resources */ = {
			isa = PBXResourcesBuildPhase;
			buildActionMask = 2147483647;
			files = (
			);
			runOnlyForDeploymentPostprocessing = 0;
		};
		EDEA23C02468461E00C76841 /* Resources */ = {
			isa = PBXResourcesBuildPhase;
			buildActionMask = 2147483647;
			files = (
			);
			runOnlyForDeploymentPostprocessing = 0;
		};
/* End PBXResourcesBuildPhase section */

/* Begin PBXSourcesBuildPhase section */
		EDEA239D2468461A00C76841 /* Sources */ = {
			isa = PBXSourcesBuildPhase;
			buildActionMask = 2147483647;
			files = (
				EDEA23A92468461A00C76841 /* ViewController.swift in Sources */,
				EDEA23A52468461A00C76841 /* AppDelegate.swift in Sources */,
				EDEA23A72468461A00C76841 /* SceneDelegate.swift in Sources */,
			);
			runOnlyForDeploymentPostprocessing = 0;
		};
		EDEA23B32468461E00C76841 /* Sources */ = {
			isa = PBXSourcesBuildPhase;
			buildActionMask = 2147483647;
			files = (
				EDEA23BC2468461E00C76841 /* PhotomasterTests.swift in Sources */,
			);
			runOnlyForDeploymentPostprocessing = 0;
		};
		EDEA23BE2468461E00C76841 /* Sources */ = {
			isa = PBXSourcesBuildPhase;
			buildActionMask = 2147483647;
			files = (
				EDEA23C72468461E00C76841 /* PhotomasterUITests.swift in Sources */,
			);
			runOnlyForDeploymentPostprocessing = 0;
		};
/* End PBXSourcesBuildPhase section */

/* Begin PBXTargetDependency section */
		EDEA23B92468461E00C76841 /* PBXTargetDependency */ = {
			isa = PBXTargetDependency;
			target = EDEA23A02468461A00C76841 /* Photomaster */;
			targetProxy = EDEA23B82468461E00C76841 /* PBXContainerItemProxy */;
		};
		EDEA23C42468461E00C76841 /* PBXTargetDependency */ = {
			isa = PBXTargetDependency;
			target = EDEA23A02468461A00C76841 /* Photomaster */;
			targetProxy = EDEA23C32468461E00C76841 /* PBXContainerItemProxy */;
		};
/* End PBXTargetDependency section */

/* Begin PBXVariantGroup section */
		EDEA23AA2468461A00C76841 /* Main.storyboard */ = {
			isa = PBXVariantGroup;
			children = (
				EDEA23AB2468461A00C76841 /* Base */,
			);
			name = Main.storyboard;
			sourceTree = "<group>";
		};
		EDEA23AF2468461E00C76841 /* LaunchScreen.storyboard */ = {
			isa = PBXVariantGroup;
			children = (
				EDEA23B02468461E00C76841 /* Base */,
			);
			name = LaunchScreen.storyboard;
			sourceTree = "<group>";
		};
/* End PBXVariantGroup section */

/* Begin XCBuildConfiguration section */
		EDEA23C92468461E00C76841 /* Debug */ = {
			isa = XCBuildConfiguration;
			buildSettings = {
				ALWAYS_SEARCH_USER_PATHS = NO;
				CLANG_ANALYZER_NONNULL = YES;
				CLANG_ANALYZER_NUMBER_OBJECT_CONVERSION = YES_AGGRESSIVE;
				CLANG_CXX_LANGUAGE_STANDARD = "gnu++14";
				CLANG_CXX_LIBRARY = "libc++";
				CLANG_ENABLE_MODULES = YES;
				CLANG_ENABLE_OBJC_ARC = YES;
				CLANG_ENABLE_OBJC_WEAK = YES;
				CLANG_WARN_BLOCK_CAPTURE_AUTORELEASING = YES;
				CLANG_WARN_BOOL_CONVERSION = YES;
				CLANG_WARN_COMMA = YES;
				CLANG_WARN_CONSTANT_CONVERSION = YES;
				CLANG_WARN_DEPRECATED_OBJC_IMPLEMENTATIONS = YES;
				CLANG_WARN_DIRECT_OBJC_ISA_USAGE = YES_ERROR;
				CLANG_WARN_DOCUMENTATION_COMMENTS = YES;
				CLANG_WARN_EMPTY_BODY = YES;
				CLANG_WARN_ENUM_CONVERSION = YES;
				CLANG_WARN_INFINITE_RECURSION = YES;
				CLANG_WARN_INT_CONVERSION = YES;
				CLANG_WARN_NON_LITERAL_NULL_CONVERSION = YES;
				CLANG_WARN_OBJC_IMPLICIT_RETAIN_SELF = YES;
				CLANG_WARN_OBJC_LITERAL_CONVERSION = YES;
				CLANG_WARN_OBJC_ROOT_CLASS = YES_ERROR;
				CLANG_WARN_RANGE_LOOP_ANALYSIS = YES;
				CLANG_WARN_STRICT_PROTOTYPES = YES;
				CLANG_WARN_SUSPICIOUS_MOVE = YES;
				CLANG_WARN_UNGUARDED_AVAILABILITY = YES_AGGRESSIVE;
				CLANG_WARN_UNREACHABLE_CODE = YES;
				CLANG_WARN__DUPLICATE_METHOD_MATCH = YES;
				COPY_PHASE_STRIP = NO;
				DEBUG_INFORMATION_FORMAT = dwarf;
				ENABLE_STRICT_OBJC_MSGSEND = YES;
				ENABLE_TESTABILITY = YES;
				GCC_C_LANGUAGE_STANDARD = gnu11;
				GCC_DYNAMIC_NO_PIC = NO;
				GCC_NO_COMMON_BLOCKS = YES;
				GCC_OPTIMIZATION_LEVEL = 0;
				GCC_PREPROCESSOR_DEFINITIONS = (
					"DEBUG=1",
					"$(inherited)",
				);
				GCC_WARN_64_TO_32_BIT_CONVERSION = YES;
				GCC_WARN_ABOUT_RETURN_TYPE = YES_ERROR;
				GCC_WARN_UNDECLARED_SELECTOR = YES;
				GCC_WARN_UNINITIALIZED_AUTOS = YES_AGGRESSIVE;
				GCC_WARN_UNUSED_FUNCTION = YES;
				GCC_WARN_UNUSED_VARIABLE = YES;
				IPHONEOS_DEPLOYMENT_TARGET = 13.4;
				MTL_ENABLE_DEBUG_INFO = INCLUDE_SOURCE;
				MTL_FAST_MATH = YES;
				ONLY_ACTIVE_ARCH = YES;
				SDKROOT = iphoneos;
				SWIFT_ACTIVE_COMPILATION_CONDITIONS = DEBUG;
				SWIFT_OPTIMIZATION_LEVEL = "-Onone";
			};
			name = Debug;
		};
		EDEA23CA2468461E00C76841 /* Release */ = {
			isa = XCBuildConfiguration;
			buildSettings = {
				ALWAYS_SEARCH_USER_PATHS = NO;
				CLANG_ANALYZER_NONNULL = YES;
				CLANG_ANALYZER_NUMBER_OBJECT_CONVERSION = YES_AGGRESSIVE;
				CLANG_CXX_LANGUAGE_STANDARD = "gnu++14";
				CLANG_CXX_LIBRARY = "libc++";
				CLANG_ENABLE_MODULES = YES;
				CLANG_ENABLE_OBJC_ARC = YES;
				CLANG_ENABLE_OBJC_WEAK = YES;
				CLANG_WARN_BLOCK_CAPTURE_AUTORELEASING = YES;
				CLANG_WARN_BOOL_CONVERSION = YES;
				CLANG_WARN_COMMA = YES;
				CLANG_WARN_CONSTANT_CONVERSION = YES;
				CLANG_WARN_DEPRECATED_OBJC_IMPLEMENTATIONS = YES;
				CLANG_WARN_DIRECT_OBJC_ISA_USAGE = YES_ERROR;
				CLANG_WARN_DOCUMENTATION_COMMENTS = YES;
				CLANG_WARN_EMPTY_BODY = YES;
				CLANG_WARN_ENUM_CONVERSION = YES;
				CLANG_WARN_INFINITE_RECURSION = YES;
				CLANG_WARN_INT_CONVERSION = YES;
				CLANG_WARN_NON_LITERAL_NULL_CONVERSION = YES;
				CLANG_WARN_OBJC_IMPLICIT_RETAIN_SELF = YES;
				CLANG_WARN_OBJC_LITERAL_CONVERSION = YES;
				CLANG_WARN_OBJC_ROOT_CLASS = YES_ERROR;
				CLANG_WARN_RANGE_LOOP_ANALYSIS = YES;
				CLANG_WARN_STRICT_PROTOTYPES = YES;
				CLANG_WARN_SUSPICIOUS_MOVE = YES;
				CLANG_WARN_UNGUARDED_AVAILABILITY = YES_AGGRESSIVE;
				CLANG_WARN_UNREACHABLE_CODE = YES;
				CLANG_WARN__DUPLICATE_METHOD_MATCH = YES;
				COPY_PHASE_STRIP = NO;
				DEBUG_INFORMATION_FORMAT = "dwarf-with-dsym";
				ENABLE_NS_ASSERTIONS = NO;
				ENABLE_STRICT_OBJC_MSGSEND = YES;
				GCC_C_LANGUAGE_STANDARD = gnu11;
				GCC_NO_COMMON_BLOCKS = YES;
				GCC_WARN_64_TO_32_BIT_CONVERSION = YES;
				GCC_WARN_ABOUT_RETURN_TYPE = YES_ERROR;
				GCC_WARN_UNDECLARED_SELECTOR = YES;
				GCC_WARN_UNINITIALIZED_AUTOS = YES_AGGRESSIVE;
				GCC_WARN_UNUSED_FUNCTION = YES;
				GCC_WARN_UNUSED_VARIABLE = YES;
				IPHONEOS_DEPLOYMENT_TARGET = 13.4;
				MTL_ENABLE_DEBUG_INFO = NO;
				MTL_FAST_MATH = YES;
				SDKROOT = iphoneos;
				SWIFT_COMPILATION_MODE = wholemodule;
				SWIFT_OPTIMIZATION_LEVEL = "-O";
				VALIDATE_PRODUCT = YES;
			};
			name = Release;
		};
		EDEA23CC2468461E00C76841 /* Debug */ = {
			isa = XCBuildConfiguration;
			buildSettings = {
				ASSETCATALOG_COMPILER_APPICON_NAME = AppIcon;
				CODE_SIGN_STYLE = Automatic;
				INFOPLIST_FILE = Photomaster/Info.plist;
				IPHONEOS_DEPLOYMENT_TARGET = 13.4;
				LD_RUNPATH_SEARCH_PATHS = (
					"$(inherited)",
					"@executable_path/Frameworks",
				);
				PRODUCT_BUNDLE_IDENTIFIER = app.Fujimon.Fujita.Photomaster;
				PRODUCT_NAME = "$(TARGET_NAME)";
				SWIFT_VERSION = 5.0;
				TARGETED_DEVICE_FAMILY = "1,2";
			};
			name = Debug;
		};
		EDEA23CD2468461E00C76841 /* Release */ = {
			isa = XCBuildConfiguration;
			buildSettings = {
				ASSETCATALOG_COMPILER_APPICON_NAME = AppIcon;
				CODE_SIGN_STYLE = Automatic;
				INFOPLIST_FILE = Photomaster/Info.plist;
				IPHONEOS_DEPLOYMENT_TARGET = 13.4;
				LD_RUNPATH_SEARCH_PATHS = (
					"$(inherited)",
					"@executable_path/Frameworks",
				);
				PRODUCT_BUNDLE_IDENTIFIER = app.Fujimon.Fujita.Photomaster;
				PRODUCT_NAME = "$(TARGET_NAME)";
				SWIFT_VERSION = 5.0;
				TARGETED_DEVICE_FAMILY = "1,2";
			};
			name = Release;
		};
		EDEA23CF2468461E00C76841 /* Debug */ = {
			isa = XCBuildConfiguration;
			buildSettings = {
				ALWAYS_EMBED_SWIFT_STANDARD_LIBRARIES = YES;
				BUNDLE_LOADER = "$(TEST_HOST)";
				CODE_SIGN_STYLE = Automatic;
				INFOPLIST_FILE = PhotomasterTests/Info.plist;
				IPHONEOS_DEPLOYMENT_TARGET = 13.4;
				LD_RUNPATH_SEARCH_PATHS = (
					"$(inherited)",
					"@executable_path/Frameworks",
					"@loader_path/Frameworks",
				);
				PRODUCT_BUNDLE_IDENTIFIER = app.Fujimon.Fujita.PhotomasterTests;
				PRODUCT_NAME = "$(TARGET_NAME)";
				SWIFT_VERSION = 5.0;
				TARGETED_DEVICE_FAMILY = "1,2";
				TEST_HOST = "$(BUILT_PRODUCTS_DIR)/Photomaster.app/Photomaster";
			};
			name = Debug;
		};
		EDEA23D02468461E00C76841 /* Release */ = {
			isa = XCBuildConfiguration;
			buildSettings = {
				ALWAYS_EMBED_SWIFT_STANDARD_LIBRARIES = YES;
				BUNDLE_LOADER = "$(TEST_HOST)";
				CODE_SIGN_STYLE = Automatic;
				INFOPLIST_FILE = PhotomasterTests/Info.plist;
				IPHONEOS_DEPLOYMENT_TARGET = 13.4;
				LD_RUNPATH_SEARCH_PATHS = (
					"$(inherited)",
					"@executable_path/Frameworks",
					"@loader_path/Frameworks",
				);
				PRODUCT_BUNDLE_IDENTIFIER = app.Fujimon.Fujita.PhotomasterTests;
				PRODUCT_NAME = "$(TARGET_NAME)";
				SWIFT_VERSION = 5.0;
				TARGETED_DEVICE_FAMILY = "1,2";
				TEST_HOST = "$(BUILT_PRODUCTS_DIR)/Photomaster.app/Photomaster";
			};
			name = Release;
		};
		EDEA23D22468461E00C76841 /* Debug */ = {
			isa = XCBuildConfiguration;
			buildSettings = {
				ALWAYS_EMBED_SWIFT_STANDARD_LIBRARIES = YES;
				CODE_SIGN_STYLE = Automatic;
				INFOPLIST_FILE = PhotomasterUITests/Info.plist;
				LD_RUNPATH_SEARCH_PATHS = (
					"$(inherited)",
					"@executable_path/Frameworks",
					"@loader_path/Frameworks",
				);
				PRODUCT_BUNDLE_IDENTIFIER = app.Fujimon.Fujita.PhotomasterUITests;
				PRODUCT_NAME = "$(TARGET_NAME)";
				SWIFT_VERSION = 5.0;
				TARGETED_DEVICE_FAMILY = "1,2";
				TEST_TARGET_NAME = Photomaster;
			};
			name = Debug;
		};
		EDEA23D32468461E00C76841 /* Release */ = {
			isa = XCBuildConfiguration;
			buildSettings = {
				ALWAYS_EMBED_SWIFT_STANDARD_LIBRARIES = YES;
				CODE_SIGN_STYLE = Automatic;
				INFOPLIST_FILE = PhotomasterUITests/Info.plist;
				LD_RUNPATH_SEARCH_PATHS = (
					"$(inherited)",
					"@executable_path/Frameworks",
					"@loader_path/Frameworks",
				);
				PRODUCT_BUNDLE_IDENTIFIER = app.Fujimon.Fujita.PhotomasterUITests;
				PRODUCT_NAME = "$(TARGET_NAME)";
				SWIFT_VERSION = 5.0;
				TARGETED_DEVICE_FAMILY = "1,2";
				TEST_TARGET_NAME = Photomaster;
			};
			name = Release;
		};
/* End XCBuildConfiguration section */

/* Begin XCConfigurationList section */
		EDEA239C2468461A00C76841 /* Build configuration list for PBXProject "Photomaster" */ = {
			isa = XCConfigurationList;
			buildConfigurations = (
				EDEA23C92468461E00C76841 /* Debug */,
				EDEA23CA2468461E00C76841 /* Release */,
			);
			defaultConfigurationIsVisible = 0;
			defaultConfigurationName = Release;
		};
		EDEA23CB2468461E00C76841 /* Build configuration list for PBXNativeTarget "Photomaster" */ = {
			isa = XCConfigurationList;
			buildConfigurations = (
				EDEA23CC2468461E00C76841 /* Debug */,
				EDEA23CD2468461E00C76841 /* Release */,
			);
			defaultConfigurationIsVisible = 0;
			defaultConfigurationName = Release;
		};
		EDEA23CE2468461E00C76841 /* Build configuration list for PBXNativeTarget "PhotomasterTests" */ = {
			isa = XCConfigurationList;
			buildConfigurations = (
				EDEA23CF2468461E00C76841 /* Debug */,
				EDEA23D02468461E00C76841 /* Release */,
			);
			defaultConfigurationIsVisible = 0;
			defaultConfigurationName = Release;
		};
		EDEA23D12468461E00C76841 /* Build configuration list for PBXNativeTarget "PhotomasterUITests" */ = {
			isa = XCConfigurationList;
			buildConfigurations = (
				EDEA23D22468461E00C76841 /* Debug */,
				EDEA23D32468461E00C76841 /* Release */,
			);
			defaultConfigurationIsVisible = 0;
			defaultConfigurationName = Release;
		};
/* End XCConfigurationList section */
	};
	rootObject = EDEA23992468461A00C76841 /* Project object */;
}
